
Microsoft Visual Studio Solution File, Format Version 12.00
# Visual Studio Version 16
VisualStudioVersion = 16.0.28922.388
MinimumVisualStudioVersion = 10.0.40219.1
Project("{9092AA53-FB77-4645-B42D-1CCCA6BD08BD}") = "VuejsApp", "VuejsApp\VuejsApp.njsproj", "{1F55AF77-CE22-45A8-9188-793D16E07ABE}"
EndProject
Project("{2150E333-8FDC-42A3-9474-1A3956D46DE8}") = "Solution Items", "Solution Items", "{E40427E5-3F1C-41E4-90DE-5BEF926BCEDD}"
EndProject
Project("{FAE04EC0-301F-11D3-BF4B-00C04F79EFBC}") = "BridgeCare", "BridgeCare\BridgeCare.csproj", "{74E9B84B-5902-457A-810C-618409DE4E45}"
EndProject
Project("{FAE04EC0-301F-11D3-BF4B-00C04F79EFBC}") = "RollupSegmentation", "..\iAM-legacy\RollupSegmentation\RollupSegmentation.csproj", "{81A7B2FE-7B9F-42E3-A9F1-4BC0C76A9817}"
EndProject
Project("{FAE04EC0-301F-11D3-BF4B-00C04F79EFBC}") = "Simulation", "..\iAM-legacy\Simulation\Simulation.csproj", "{31DB6CDA-70A3-4C94-A002-FA1BD1DF9B02}"
EndProject
Global
	GlobalSection(SolutionConfigurationPlatforms) = preSolution
		AACOUNTY|Any CPU = AACOUNTY|Any CPU
		AACOUNTY|x64 = AACOUNTY|x64
		AACOUNTY|x86 = AACOUNTY|x86
		DDOT|Any CPU = DDOT|Any CPU
		DDOT|x64 = DDOT|x64
		DDOT|x86 = DDOT|x86
		Debug|Any CPU = Debug|Any CPU
		Debug|x64 = Debug|x64
		Debug|x86 = Debug|x86
		MDSHADebug|Any CPU = MDSHADebug|Any CPU
		MDSHADebug|x64 = MDSHADebug|x64
		MDSHADebug|x86 = MDSHADebug|x86
		MDSHARelease|Any CPU = MDSHARelease|Any CPU
		MDSHARelease|x64 = MDSHARelease|x64
		MDSHARelease|x86 = MDSHARelease|x86
		Release|Any CPU = Release|Any CPU
		Release|x64 = Release|x64
		Release|x86 = Release|x86
	EndGlobalSection
	GlobalSection(ProjectConfigurationPlatforms) = postSolution
		{1F55AF77-CE22-45A8-9188-793D16E07ABE}.AACOUNTY|Any CPU.ActiveCfg = Release|Any CPU
		{1F55AF77-CE22-45A8-9188-793D16E07ABE}.AACOUNTY|Any CPU.Build.0 = Release|Any CPU
		{1F55AF77-CE22-45A8-9188-793D16E07ABE}.AACOUNTY|x64.ActiveCfg = Release|Any CPU
		{1F55AF77-CE22-45A8-9188-793D16E07ABE}.AACOUNTY|x64.Build.0 = Release|Any CPU
		{1F55AF77-CE22-45A8-9188-793D16E07ABE}.AACOUNTY|x86.ActiveCfg = Release|Any CPU
		{1F55AF77-CE22-45A8-9188-793D16E07ABE}.AACOUNTY|x86.Build.0 = Release|Any CPU
		{1F55AF77-CE22-45A8-9188-793D16E07ABE}.DDOT|Any CPU.ActiveCfg = Debug|Any CPU
		{1F55AF77-CE22-45A8-9188-793D16E07ABE}.DDOT|Any CPU.Build.0 = Debug|Any CPU
		{1F55AF77-CE22-45A8-9188-793D16E07ABE}.DDOT|x64.ActiveCfg = Debug|Any CPU
		{1F55AF77-CE22-45A8-9188-793D16E07ABE}.DDOT|x64.Build.0 = Debug|Any CPU
		{1F55AF77-CE22-45A8-9188-793D16E07ABE}.DDOT|x86.ActiveCfg = Debug|Any CPU
		{1F55AF77-CE22-45A8-9188-793D16E07ABE}.DDOT|x86.Build.0 = Debug|Any CPU
		{1F55AF77-CE22-45A8-9188-793D16E07ABE}.Debug|Any CPU.ActiveCfg = Debug|Any CPU
		{1F55AF77-CE22-45A8-9188-793D16E07ABE}.Debug|x64.ActiveCfg = Debug|Any CPU
		{1F55AF77-CE22-45A8-9188-793D16E07ABE}.Debug|x64.Build.0 = Debug|Any CPU
		{1F55AF77-CE22-45A8-9188-793D16E07ABE}.Debug|x86.ActiveCfg = Debug|Any CPU
		{1F55AF77-CE22-45A8-9188-793D16E07ABE}.Debug|x86.Build.0 = Debug|Any CPU
		{1F55AF77-CE22-45A8-9188-793D16E07ABE}.MDSHADebug|Any CPU.ActiveCfg = Debug|Any CPU
		{1F55AF77-CE22-45A8-9188-793D16E07ABE}.MDSHADebug|Any CPU.Build.0 = Debug|Any CPU
		{1F55AF77-CE22-45A8-9188-793D16E07ABE}.MDSHADebug|x64.ActiveCfg = Debug|Any CPU
		{1F55AF77-CE22-45A8-9188-793D16E07ABE}.MDSHADebug|x64.Build.0 = Debug|Any CPU
		{1F55AF77-CE22-45A8-9188-793D16E07ABE}.MDSHADebug|x86.ActiveCfg = Debug|Any CPU
		{1F55AF77-CE22-45A8-9188-793D16E07ABE}.MDSHADebug|x86.Build.0 = Debug|Any CPU
		{1F55AF77-CE22-45A8-9188-793D16E07ABE}.MDSHARelease|Any CPU.ActiveCfg = Release|Any CPU
		{1F55AF77-CE22-45A8-9188-793D16E07ABE}.MDSHARelease|Any CPU.Build.0 = Release|Any CPU
		{1F55AF77-CE22-45A8-9188-793D16E07ABE}.MDSHARelease|x64.ActiveCfg = Release|Any CPU
		{1F55AF77-CE22-45A8-9188-793D16E07ABE}.MDSHARelease|x64.Build.0 = Release|Any CPU
		{1F55AF77-CE22-45A8-9188-793D16E07ABE}.MDSHARelease|x86.ActiveCfg = Release|Any CPU
		{1F55AF77-CE22-45A8-9188-793D16E07ABE}.MDSHARelease|x86.Build.0 = Release|Any CPU
		{1F55AF77-CE22-45A8-9188-793D16E07ABE}.Release|Any CPU.ActiveCfg = Release|Any CPU
		{1F55AF77-CE22-45A8-9188-793D16E07ABE}.Release|Any CPU.Build.0 = Release|Any CPU
		{1F55AF77-CE22-45A8-9188-793D16E07ABE}.Release|x64.ActiveCfg = Release|Any CPU
		{1F55AF77-CE22-45A8-9188-793D16E07ABE}.Release|x64.Build.0 = Release|Any CPU
		{1F55AF77-CE22-45A8-9188-793D16E07ABE}.Release|x86.ActiveCfg = Release|Any CPU
		{1F55AF77-CE22-45A8-9188-793D16E07ABE}.Release|x86.Build.0 = Release|Any CPU
		{74E9B84B-5902-457A-810C-618409DE4E45}.AACOUNTY|Any CPU.ActiveCfg = Release|Any CPU
		{74E9B84B-5902-457A-810C-618409DE4E45}.AACOUNTY|Any CPU.Build.0 = Release|Any CPU
		{74E9B84B-5902-457A-810C-618409DE4E45}.AACOUNTY|x64.ActiveCfg = Release|Any CPU
		{74E9B84B-5902-457A-810C-618409DE4E45}.AACOUNTY|x64.Build.0 = Release|Any CPU
		{74E9B84B-5902-457A-810C-618409DE4E45}.AACOUNTY|x86.ActiveCfg = Release|Any CPU
		{74E9B84B-5902-457A-810C-618409DE4E45}.AACOUNTY|x86.Build.0 = Release|Any CPU
		{74E9B84B-5902-457A-810C-618409DE4E45}.DDOT|Any CPU.ActiveCfg = Debug|Any CPU
		{74E9B84B-5902-457A-810C-618409DE4E45}.DDOT|Any CPU.Build.0 = Debug|Any CPU
		{74E9B84B-5902-457A-810C-618409DE4E45}.DDOT|x64.ActiveCfg = Debug|Any CPU
		{74E9B84B-5902-457A-810C-618409DE4E45}.DDOT|x64.Build.0 = Debug|Any CPU
		{74E9B84B-5902-457A-810C-618409DE4E45}.DDOT|x86.ActiveCfg = Debug|Any CPU
		{74E9B84B-5902-457A-810C-618409DE4E45}.DDOT|x86.Build.0 = Debug|Any CPU
		{74E9B84B-5902-457A-810C-618409DE4E45}.Debug|Any CPU.ActiveCfg = Debug|Any CPU
		{74E9B84B-5902-457A-810C-618409DE4E45}.Debug|Any CPU.Build.0 = Debug|Any CPU
		{74E9B84B-5902-457A-810C-618409DE4E45}.Debug|x64.ActiveCfg = Debug|Any CPU
		{74E9B84B-5902-457A-810C-618409DE4E45}.Debug|x64.Build.0 = Debug|Any CPU
		{74E9B84B-5902-457A-810C-618409DE4E45}.Debug|x86.ActiveCfg = Debug|Any CPU
		{74E9B84B-5902-457A-810C-618409DE4E45}.Debug|x86.Build.0 = Debug|Any CPU
		{74E9B84B-5902-457A-810C-618409DE4E45}.MDSHADebug|Any CPU.ActiveCfg = Debug|Any CPU
		{74E9B84B-5902-457A-810C-618409DE4E45}.MDSHADebug|Any CPU.Build.0 = Debug|Any CPU
		{74E9B84B-5902-457A-810C-618409DE4E45}.MDSHADebug|x64.ActiveCfg = Debug|Any CPU
		{74E9B84B-5902-457A-810C-618409DE4E45}.MDSHADebug|x64.Build.0 = Debug|Any CPU
		{74E9B84B-5902-457A-810C-618409DE4E45}.MDSHADebug|x86.ActiveCfg = Debug|Any CPU
		{74E9B84B-5902-457A-810C-618409DE4E45}.MDSHADebug|x86.Build.0 = Debug|Any CPU
		{74E9B84B-5902-457A-810C-618409DE4E45}.MDSHARelease|Any CPU.ActiveCfg = Release|Any CPU
		{74E9B84B-5902-457A-810C-618409DE4E45}.MDSHARelease|Any CPU.Build.0 = Release|Any CPU
		{74E9B84B-5902-457A-810C-618409DE4E45}.MDSHARelease|x64.ActiveCfg = Release|Any CPU
		{74E9B84B-5902-457A-810C-618409DE4E45}.MDSHARelease|x64.Build.0 = Release|Any CPU
		{74E9B84B-5902-457A-810C-618409DE4E45}.MDSHARelease|x86.ActiveCfg = Release|Any CPU
		{74E9B84B-5902-457A-810C-618409DE4E45}.MDSHARelease|x86.Build.0 = Release|Any CPU
		{74E9B84B-5902-457A-810C-618409DE4E45}.Release|Any CPU.ActiveCfg = Release|Any CPU
		{74E9B84B-5902-457A-810C-618409DE4E45}.Release|Any CPU.Build.0 = Release|Any CPU
		{74E9B84B-5902-457A-810C-618409DE4E45}.Release|x64.ActiveCfg = Release|Any CPU
		{74E9B84B-5902-457A-810C-618409DE4E45}.Release|x64.Build.0 = Release|Any CPU
		{74E9B84B-5902-457A-810C-618409DE4E45}.Release|x86.ActiveCfg = Release|Any CPU
		{74E9B84B-5902-457A-810C-618409DE4E45}.Release|x86.Build.0 = Release|Any CPU
		{81A7B2FE-7B9F-42E3-A9F1-4BC0C76A9817}.AACOUNTY|Any CPU.ActiveCfg = AACOUNTY|Any CPU
		{81A7B2FE-7B9F-42E3-A9F1-4BC0C76A9817}.AACOUNTY|Any CPU.Build.0 = AACOUNTY|Any CPU
		{81A7B2FE-7B9F-42E3-A9F1-4BC0C76A9817}.AACOUNTY|x64.ActiveCfg = AACOUNTY|x64
		{81A7B2FE-7B9F-42E3-A9F1-4BC0C76A9817}.AACOUNTY|x64.Build.0 = AACOUNTY|x64
		{81A7B2FE-7B9F-42E3-A9F1-4BC0C76A9817}.AACOUNTY|x86.ActiveCfg = AACOUNTY|x86
		{81A7B2FE-7B9F-42E3-A9F1-4BC0C76A9817}.AACOUNTY|x86.Build.0 = AACOUNTY|x86
		{81A7B2FE-7B9F-42E3-A9F1-4BC0C76A9817}.DDOT|Any CPU.ActiveCfg = DDOT|Any CPU
		{81A7B2FE-7B9F-42E3-A9F1-4BC0C76A9817}.DDOT|Any CPU.Build.0 = DDOT|Any CPU
		{81A7B2FE-7B9F-42E3-A9F1-4BC0C76A9817}.DDOT|x64.ActiveCfg = DDOT|x64
		{81A7B2FE-7B9F-42E3-A9F1-4BC0C76A9817}.DDOT|x64.Build.0 = DDOT|x64
		{81A7B2FE-7B9F-42E3-A9F1-4BC0C76A9817}.DDOT|x86.ActiveCfg = DDOT|x86
		{81A7B2FE-7B9F-42E3-A9F1-4BC0C76A9817}.DDOT|x86.Build.0 = DDOT|x86
		{81A7B2FE-7B9F-42E3-A9F1-4BC0C76A9817}.Debug|Any CPU.ActiveCfg = Debug|Any CPU
		{81A7B2FE-7B9F-42E3-A9F1-4BC0C76A9817}.Debug|Any CPU.Build.0 = Debug|Any CPU
		{81A7B2FE-7B9F-42E3-A9F1-4BC0C76A9817}.Debug|x64.ActiveCfg = Debug|x64
		{81A7B2FE-7B9F-42E3-A9F1-4BC0C76A9817}.Debug|x64.Build.0 = Debug|x64
		{81A7B2FE-7B9F-42E3-A9F1-4BC0C76A9817}.Debug|x86.ActiveCfg = Debug|x86
		{81A7B2FE-7B9F-42E3-A9F1-4BC0C76A9817}.Debug|x86.Build.0 = Debug|x86
		{81A7B2FE-7B9F-42E3-A9F1-4BC0C76A9817}.MDSHADebug|Any CPU.ActiveCfg = MDSHADebug|Any CPU
		{81A7B2FE-7B9F-42E3-A9F1-4BC0C76A9817}.MDSHADebug|Any CPU.Build.0 = MDSHADebug|Any CPU
		{81A7B2FE-7B9F-42E3-A9F1-4BC0C76A9817}.MDSHADebug|x64.ActiveCfg = MDSHADebug|x64
		{81A7B2FE-7B9F-42E3-A9F1-4BC0C76A9817}.MDSHADebug|x64.Build.0 = MDSHADebug|x64
		{81A7B2FE-7B9F-42E3-A9F1-4BC0C76A9817}.MDSHADebug|x86.ActiveCfg = MDSHADebug|x86
		{81A7B2FE-7B9F-42E3-A9F1-4BC0C76A9817}.MDSHADebug|x86.Build.0 = MDSHADebug|x86
		{81A7B2FE-7B9F-42E3-A9F1-4BC0C76A9817}.MDSHARelease|Any CPU.ActiveCfg = MDSHARelease|Any CPU
		{81A7B2FE-7B9F-42E3-A9F1-4BC0C76A9817}.MDSHARelease|Any CPU.Build.0 = MDSHARelease|Any CPU
		{81A7B2FE-7B9F-42E3-A9F1-4BC0C76A9817}.MDSHARelease|x64.ActiveCfg = MDSHARelease|x64
		{81A7B2FE-7B9F-42E3-A9F1-4BC0C76A9817}.MDSHARelease|x64.Build.0 = MDSHARelease|x64
		{81A7B2FE-7B9F-42E3-A9F1-4BC0C76A9817}.MDSHARelease|x86.ActiveCfg = MDSHARelease|x86
		{81A7B2FE-7B9F-42E3-A9F1-4BC0C76A9817}.MDSHARelease|x86.Build.0 = MDSHARelease|x86
		{81A7B2FE-7B9F-42E3-A9F1-4BC0C76A9817}.Release|Any CPU.ActiveCfg = Release|Any CPU
		{81A7B2FE-7B9F-42E3-A9F1-4BC0C76A9817}.Release|Any CPU.Build.0 = Release|Any CPU
		{81A7B2FE-7B9F-42E3-A9F1-4BC0C76A9817}.Release|x64.ActiveCfg = Release|x64
		{81A7B2FE-7B9F-42E3-A9F1-4BC0C76A9817}.Release|x64.Build.0 = Release|x64
		{81A7B2FE-7B9F-42E3-A9F1-4BC0C76A9817}.Release|x86.ActiveCfg = Release|x86
		{81A7B2FE-7B9F-42E3-A9F1-4BC0C76A9817}.Release|x86.Build.0 = Release|x86
		{31DB6CDA-70A3-4C94-A002-FA1BD1DF9B02}.AACOUNTY|Any CPU.ActiveCfg = AACOUNTY|Any CPU
		{31DB6CDA-70A3-4C94-A002-FA1BD1DF9B02}.AACOUNTY|Any CPU.Build.0 = AACOUNTY|Any CPU
		{31DB6CDA-70A3-4C94-A002-FA1BD1DF9B02}.AACOUNTY|x64.ActiveCfg = AACOUNTY|x64
		{31DB6CDA-70A3-4C94-A002-FA1BD1DF9B02}.AACOUNTY|x64.Build.0 = AACOUNTY|x64
		{31DB6CDA-70A3-4C94-A002-FA1BD1DF9B02}.AACOUNTY|x86.ActiveCfg = AACOUNTY|x86
		{31DB6CDA-70A3-4C94-A002-FA1BD1DF9B02}.AACOUNTY|x86.Build.0 = AACOUNTY|x86
		{31DB6CDA-70A3-4C94-A002-FA1BD1DF9B02}.DDOT|Any CPU.ActiveCfg = DDOT|Any CPU
		{31DB6CDA-70A3-4C94-A002-FA1BD1DF9B02}.DDOT|Any CPU.Build.0 = DDOT|Any CPU
		{31DB6CDA-70A3-4C94-A002-FA1BD1DF9B02}.DDOT|x64.ActiveCfg = DDOT|x64
		{31DB6CDA-70A3-4C94-A002-FA1BD1DF9B02}.DDOT|x64.Build.0 = DDOT|x64
		{31DB6CDA-70A3-4C94-A002-FA1BD1DF9B02}.DDOT|x86.ActiveCfg = DDOT|x86
		{31DB6CDA-70A3-4C94-A002-FA1BD1DF9B02}.DDOT|x86.Build.0 = DDOT|x86
		{31DB6CDA-70A3-4C94-A002-FA1BD1DF9B02}.Debug|Any CPU.ActiveCfg = Debug|Any CPU
		{31DB6CDA-70A3-4C94-A002-FA1BD1DF9B02}.Debug|Any CPU.Build.0 = Debug|Any CPU
		{31DB6CDA-70A3-4C94-A002-FA1BD1DF9B02}.Debug|x64.ActiveCfg = Debug|x64
		{31DB6CDA-70A3-4C94-A002-FA1BD1DF9B02}.Debug|x64.Build.0 = Debug|x64
		{31DB6CDA-70A3-4C94-A002-FA1BD1DF9B02}.Debug|x86.ActiveCfg = Debug|x86
		{31DB6CDA-70A3-4C94-A002-FA1BD1DF9B02}.Debug|x86.Build.0 = Debug|x86
		{31DB6CDA-70A3-4C94-A002-FA1BD1DF9B02}.MDSHADebug|Any CPU.ActiveCfg = MDSHADebug|Any CPU
		{31DB6CDA-70A3-4C94-A002-FA1BD1DF9B02}.MDSHADebug|Any CPU.Build.0 = MDSHADebug|Any CPU
		{31DB6CDA-70A3-4C94-A002-FA1BD1DF9B02}.MDSHADebug|x64.ActiveCfg = MDSHADebug|x64
		{31DB6CDA-70A3-4C94-A002-FA1BD1DF9B02}.MDSHADebug|x64.Build.0 = MDSHADebug|x64
		{31DB6CDA-70A3-4C94-A002-FA1BD1DF9B02}.MDSHADebug|x86.ActiveCfg = MDSHADebug|x86
		{31DB6CDA-70A3-4C94-A002-FA1BD1DF9B02}.MDSHADebug|x86.Build.0 = MDSHADebug|x86
		{31DB6CDA-70A3-4C94-A002-FA1BD1DF9B02}.MDSHARelease|Any CPU.ActiveCfg = MDSHARelease|Any CPU
		{31DB6CDA-70A3-4C94-A002-FA1BD1DF9B02}.MDSHARelease|Any CPU.Build.0 = MDSHARelease|Any CPU
		{31DB6CDA-70A3-4C94-A002-FA1BD1DF9B02}.MDSHARelease|x64.ActiveCfg = MDSHARelease|x64
		{31DB6CDA-70A3-4C94-A002-FA1BD1DF9B02}.MDSHARelease|x64.Build.0 = MDSHARelease|x64
		{31DB6CDA-70A3-4C94-A002-FA1BD1DF9B02}.MDSHARelease|x86.ActiveCfg = MDSHARelease|x86
		{31DB6CDA-70A3-4C94-A002-FA1BD1DF9B02}.MDSHARelease|x86.Build.0 = MDSHARelease|x86
		{31DB6CDA-70A3-4C94-A002-FA1BD1DF9B02}.Release|Any CPU.ActiveCfg = Release|Any CPU
		{31DB6CDA-70A3-4C94-A002-FA1BD1DF9B02}.Release|Any CPU.Build.0 = Release|Any CPU
		{31DB6CDA-70A3-4C94-A002-FA1BD1DF9B02}.Release|x64.ActiveCfg = Release|x64
		{31DB6CDA-70A3-4C94-A002-FA1BD1DF9B02}.Release|x64.Build.0 = Release|x64
		{31DB6CDA-70A3-4C94-A002-FA1BD1DF9B02}.Release|x86.ActiveCfg = Release|x86
		{31DB6CDA-70A3-4C94-A002-FA1BD1DF9B02}.Release|x86.Build.0 = Release|x86
	EndGlobalSection
	GlobalSection(SolutionProperties) = preSolution
		HideSolutionNode = FALSE
	EndGlobalSection
	GlobalSection(ExtensibilityGlobals) = postSolution
		SolutionGuid = {21B5BDB3-406A-4392-A69B-4548E8238A33}
	EndGlobalSection
	GlobalSection(Performance) = preSolution
		HasPerformanceSessions = true
	EndGlobalSection
	GlobalSection(Performance) = preSolution
		HasPerformanceSessions = true
	EndGlobalSection
EndGlobal
